
Microsoft Visual Studio Solution File, Format Version 12.00
# Visual Studio Version 16
VisualStudioVersion = 16.0.29424.173
MinimumVisualStudioVersion = 10.0.40219.1
Project("{FAE04EC0-301F-11D3-BF4B-00C04F79EFBC}") = "DMSkin", "DMSkin.csproj", "{2A435AEC-FDC5-4137-A3B5-5EFACC6ED288}"
EndProject
Global
	GlobalSection(SolutionConfigurationPlatforms) = preSolution
		Debug|Any CPU = Debug|Any CPU
		Release|Any CPU = Release|Any CPU
	EndGlobalSection
	GlobalSection(ProjectConfigurationPlatforms) = postSolution
		{2A435AEC-FDC5-4137-A3B5-5EFACC6ED288}.Debug|Any CPU.ActiveCfg = Debug|Any CPU
		{2A435AEC-FDC5-4137-A3B5-5EFACC6ED288}.Debug|Any CPU.Build.0 = Debug|Any CPU
		{2A435AEC-FDC5-4137-A3B5-5EFACC6ED288}.Release|Any CPU.ActiveCfg = Release|Any CPU
		{2A435AEC-FDC5-4137-A3B5-5EFACC6ED288}.Release|Any CPU.Build.0 = Release|Any CPU
	EndGlobalSection
	GlobalSection(SolutionProperties) = preSolution
		HideSolutionNode = FALSE
	EndGlobalSection
	GlobalSection(ExtensibilityGlobals) = postSolution
		SolutionGuid = {0B8A8F29-7DD2-4EC8-8F38-7242F4F7F452}
	EndGlobalSection
EndGlobal
